// !$*UTF8*$!
{
	archiveVersion = 1;
	classes = {
	};
	objectVersion = 77;
	objects = {

/* Begin PBXContainerItemProxy section */
		4923D8DF2DB78A4E00EC3AED /* PBXContainerItemProxy */ = {
			isa = PBXContainerItemProxy;
			containerPortal = 4923D8C62DB78A4D00EC3AED /* Project object */;
			proxyType = 1;
			remoteGlobalIDString = 4923D8CD2DB78A4D00EC3AED;
			remoteInfo = languageApp;
		};
		4923D8E92DB78A4E00EC3AED /* PBXContainerItemProxy */ = {
			isa = PBXContainerItemProxy;
			containerPortal = 4923D8C62DB78A4D00EC3AED /* Project object */;
			proxyType = 1;
			remoteGlobalIDString = 4923D8CD2DB78A4D00EC3AED;
			remoteInfo = languageApp;
		};
/* End PBXContainerItemProxy section */

/* Begin PBXFileReference section */
		4923D8CE2DB78A4D00EC3AED /* Dil Yolu.app */ = {isa = PBXFileReference; explicitFileType = wrapper.application; includeInIndex = 0; path = "Dil Yolu.app"; sourceTree = BUILT_PRODUCTS_DIR; };
		4923D8DE2DB78A4E00EC3AED /* Dil YoluTests.xctest */ = {isa = PBXFileReference; explicitFileType = wrapper.cfbundle; includeInIndex = 0; path = "Dil YoluTests.xctest"; sourceTree = BUILT_PRODUCTS_DIR; };
		4923D8E82DB78A4E00EC3AED /* Dil YoluUITests.xctest */ = {isa = PBXFileReference; explicitFileType = wrapper.cfbundle; includeInIndex = 0; path = "Dil YoluUITests.xctest"; sourceTree = BUILT_PRODUCTS_DIR; };
/* End PBXFileReference section */

/* Begin PBXFileSystemSynchronizedBuildFileExceptionSet section */
		49366F6D2DBCE27000B0802F /* Exceptions for "dilYolu" folder in "Dil Yolu" target */ = {
			isa = PBXFileSystemSynchronizedBuildFileExceptionSet;
			membershipExceptions = (
				GoalData.xcdatamodeld,
			);
			target = 4923D8CD2DB78A4D00EC3AED /* Dil Yolu */;
		};
/* End PBXFileSystemSynchronizedBuildFileExceptionSet section */

/* Begin PBXFileSystemSynchronizedGroupBuildPhaseMembershipExceptionSet section */
		49366F6E2DBCE27000B0802F /* Exceptions for "dilYolu" folder in "Copy Bundle Resources" phase from "Dil Yolu" target */ = {
			isa = PBXFileSystemSynchronizedGroupBuildPhaseMembershipExceptionSet;
			buildPhase = 4923D8CC2DB78A4D00EC3AED /* Resources */;
			membershipExceptions = (
				GoalData.xcdatamodeld,
			);
		};
/* End PBXFileSystemSynchronizedGroupBuildPhaseMembershipExceptionSet section */

/* Begin PBXFileSystemSynchronizedRootGroup section */
		4923D8D02DB78A4D00EC3AED /* dilYolu */ = {
			isa = PBXFileSystemSynchronizedRootGroup;
			exceptions = (
				49366F6D2DBCE27000B0802F /* Exceptions for "dilYolu" folder in "Dil Yolu" target */,
				49366F6E2DBCE27000B0802F /* Exceptions for "dilYolu" folder in "Copy Bundle Resources" phase from "Dil Yolu" target */,
			);
			path = dilYolu;
			sourceTree = "<group>";
		};
		4923D8E12DB78A4E00EC3AED /* languageAppTests */ = {
			isa = PBXFileSystemSynchronizedRootGroup;
			path = languageAppTests;
			sourceTree = "<group>";
		};
		4923D8EB2DB78A4E00EC3AED /* languageAppUITests */ = {
			isa = PBXFileSystemSynchronizedRootGroup;
			path = languageAppUITests;
			sourceTree = "<group>";
		};
/* End PBXFileSystemSynchronizedRootGroup section */

/* Begin PBXFrameworksBuildPhase section */
		4923D8CB2DB78A4D00EC3AED /* Frameworks */ = {
			isa = PBXFrameworksBuildPhase;
			buildActionMask = 2147483647;
			files = (
			);
			runOnlyForDeploymentPostprocessing = 0;
		};
		4923D8DB2DB78A4E00EC3AED /* Frameworks */ = {
			isa = PBXFrameworksBuildPhase;
			buildActionMask = 2147483647;
			files = (
			);
			runOnlyForDeploymentPostprocessing = 0;
		};
		4923D8E52DB78A4E00EC3AED /* Frameworks */ = {
			isa = PBXFrameworksBuildPhase;
			buildActionMask = 2147483647;
			files = (
			);
			runOnlyForDeploymentPostprocessing = 0;
		};
/* End PBXFrameworksBuildPhase section */

/* Begin PBXGroup section */
		4923D8C52DB78A4D00EC3AED = {
			isa = PBXGroup;
			children = (
				4923D8D02DB78A4D00EC3AED /* dilYolu */,
				4923D8E12DB78A4E00EC3AED /* languageAppTests */,
				4923D8EB2DB78A4E00EC3AED /* languageAppUITests */,
				4923D8CF2DB78A4D00EC3AED /* Products */,
			);
			sourceTree = "<group>";
		};
		4923D8CF2DB78A4D00EC3AED /* Products */ = {
			isa = PBXGroup;
			children = (
				4923D8CE2DB78A4D00EC3AED /* Dil Yolu.app */,
				4923D8DE2DB78A4E00EC3AED /* Dil YoluTests.xctest */,
				4923D8E82DB78A4E00EC3AED /* Dil YoluUITests.xctest */,
			);
			name = Products;
			sourceTree = "<group>";
		};
/* End PBXGroup section */

/* Begin PBXNativeTarget section */
		4923D8CD2DB78A4D00EC3AED /* Dil Yolu */ = {
			isa = PBXNativeTarget;
			buildConfigurationList = 4923D8F22DB78A4E00EC3AED /* Build configuration list for PBXNativeTarget "Dil Yolu" */;
			buildPhases = (
				4923D8CA2DB78A4D00EC3AED /* Sources */,
				4923D8CB2DB78A4D00EC3AED /* Frameworks */,
				4923D8CC2DB78A4D00EC3AED /* Resources */,
			);
			buildRules = (
			);
			dependencies = (
			);
			fileSystemSynchronizedGroups = (
				4923D8D02DB78A4D00EC3AED /* dilYolu */,
			);
			name = "Dil Yolu";
			packageProductDependencies = (
			);
			productName = languageApp;
			productReference = 4923D8CE2DB78A4D00EC3AED /* Dil Yolu.app */;
			productType = "com.apple.product-type.application";
		};
		4923D8DD2DB78A4E00EC3AED /* Dil YoluTests */ = {
			isa = PBXNativeTarget;
			buildConfigurationList = 4923D8F52DB78A4E00EC3AED /* Build configuration list for PBXNativeTarget "Dil YoluTests" */;
			buildPhases = (
				4923D8DA2DB78A4E00EC3AED /* Sources */,
				4923D8DB2DB78A4E00EC3AED /* Frameworks */,
				4923D8DC2DB78A4E00EC3AED /* Resources */,
			);
			buildRules = (
			);
			dependencies = (
				4923D8E02DB78A4E00EC3AED /* PBXTargetDependency */,
			);
			fileSystemSynchronizedGroups = (
				4923D8E12DB78A4E00EC3AED /* languageAppTests */,
			);
			name = "Dil YoluTests";
			packageProductDependencies = (
			);
			productName = languageAppTests;
			productReference = 4923D8DE2DB78A4E00EC3AED /* Dil YoluTests.xctest */;
			productType = "com.apple.product-type.bundle.unit-test";
		};
		4923D8E72DB78A4E00EC3AED /* Dil YoluUITests */ = {
			isa = PBXNativeTarget;
			buildConfigurationList = 4923D8F82DB78A4E00EC3AED /* Build configuration list for PBXNativeTarget "Dil YoluUITests" */;
			buildPhases = (
				4923D8E42DB78A4E00EC3AED /* Sources */,
				4923D8E52DB78A4E00EC3AED /* Frameworks */,
				4923D8E62DB78A4E00EC3AED /* Resources */,
			);
			buildRules = (
			);
			dependencies = (
				4923D8EA2DB78A4E00EC3AED /* PBXTargetDependency */,
			);
			fileSystemSynchronizedGroups = (
				4923D8EB2DB78A4E00EC3AED /* languageAppUITests */,
			);
			name = "Dil YoluUITests";
			packageProductDependencies = (
			);
			productName = languageAppUITests;
			productReference = 4923D8E82DB78A4E00EC3AED /* Dil YoluUITests.xctest */;
			productType = "com.apple.product-type.bundle.ui-testing";
		};
/* End PBXNativeTarget section */

/* Begin PBXProject section */
		4923D8C62DB78A4D00EC3AED /* Project object */ = {
			isa = PBXProject;
			attributes = {
				BuildIndependentTargetsInParallel = 1;
				LastSwiftUpdateCheck = 1620;
				LastUpgradeCheck = 1620;
				TargetAttributes = {
					4923D8CD2DB78A4D00EC3AED = {
						CreatedOnToolsVersion = 16.2;
					};
					4923D8DD2DB78A4E00EC3AED = {
						CreatedOnToolsVersion = 16.2;
						TestTargetID = 4923D8CD2DB78A4D00EC3AED;
					};
					4923D8E72DB78A4E00EC3AED = {
						CreatedOnToolsVersion = 16.2;
						TestTargetID = 4923D8CD2DB78A4D00EC3AED;
					};
				};
			};
			buildConfigurationList = 4923D8C92DB78A4D00EC3AED /* Build configuration list for PBXProject "Dil Yolu" */;
			developmentRegion = en;
			hasScannedForEncodings = 0;
			knownRegions = (
				en,
				Base,
				de,
				ar,
				es,
				pt,
				it,
				zh,
				ru,
				tr,
				fr,
			);
			mainGroup = 4923D8C52DB78A4D00EC3AED;
			minimizedProjectReferenceProxies = 1;
			packageReferences = (
			);
			preferredProjectObjectVersion = 77;
			productRefGroup = 4923D8CF2DB78A4D00EC3AED /* Products */;
			projectDirPath = "";
			projectRoot = "";
			targets = (
				4923D8CD2DB78A4D00EC3AED /* Dil Yolu */,
				4923D8DD2DB78A4E00EC3AED /* Dil YoluTests */,
				4923D8E72DB78A4E00EC3AED /* Dil YoluUITests */,
			);
		};
/* End PBXProject section */

/* Begin PBXResourcesBuildPhase section */
		4923D8CC2DB78A4D00EC3AED /* Resources */ = {
			isa = PBXResourcesBuildPhase;
			buildActionMask = 2147483647;
			files = (
			);
			runOnlyForDeploymentPostprocessing = 0;
		};
		4923D8DC2DB78A4E00EC3AED /* Resources */ = {
			isa = PBXResourcesBuildPhase;
			buildActionMask = 2147483647;
			files = (
			);
			runOnlyForDeploymentPostprocessing = 0;
		};
		4923D8E62DB78A4E00EC3AED /* Resources */ = {
			isa = PBXResourcesBuildPhase;
			buildActionMask = 2147483647;
			files = (
			);
			runOnlyForDeploymentPostprocessing = 0;
		};
/* End PBXResourcesBuildPhase section */

/* Begin PBXSourcesBuildPhase section */
		4923D8CA2DB78A4D00EC3AED /* Sources */ = {
			isa = PBXSourcesBuildPhase;
			buildActionMask = 2147483647;
			files = (
			);
			runOnlyForDeploymentPostprocessing = 0;
		};
		4923D8DA2DB78A4E00EC3AED /* Sources */ = {
			isa = PBXSourcesBuildPhase;
			buildActionMask = 2147483647;
			files = (
			);
			runOnlyForDeploymentPostprocessing = 0;
		};
		4923D8E42DB78A4E00EC3AED /* Sources */ = {
			isa = PBXSourcesBuildPhase;
			buildActionMask = 2147483647;
			files = (
			);
			runOnlyForDeploymentPostprocessing = 0;
		};
/* End PBXSourcesBuildPhase section */

/* Begin PBXTargetDependency section */
		4923D8E02DB78A4E00EC3AED /* PBXTargetDependency */ = {
			isa = PBXTargetDependency;
			target = 4923D8CD2DB78A4D00EC3AED /* Dil Yolu */;
			targetProxy = 4923D8DF2DB78A4E00EC3AED /* PBXContainerItemProxy */;
		};
		4923D8EA2DB78A4E00EC3AED /* PBXTargetDependency */ = {
			isa = PBXTargetDependency;
			target = 4923D8CD2DB78A4D00EC3AED /* Dil Yolu */;
			targetProxy = 4923D8E92DB78A4E00EC3AED /* PBXContainerItemProxy */;
		};
/* End PBXTargetDependency section */

/* Begin XCBuildConfiguration section */
		4923D8F02DB78A4E00EC3AED /* Debug */ = {
			isa = XCBuildConfiguration;
			buildSettings = {
				ALWAYS_SEARCH_USER_PATHS = NO;
				ASSETCATALOG_COMPILER_GENERATE_SWIFT_ASSET_SYMBOL_EXTENSIONS = YES;
				CLANG_ANALYZER_NONNULL = YES;
				CLANG_ANALYZER_NUMBER_OBJECT_CONVERSION = YES_AGGRESSIVE;
				CLANG_CXX_LANGUAGE_STANDARD = "gnu++20";
				CLANG_ENABLE_MODULES = YES;
				CLANG_ENABLE_OBJC_ARC = YES;
				CLANG_ENABLE_OBJC_WEAK = YES;
				CLANG_WARN_BLOCK_CAPTURE_AUTORELEASING = YES;
				CLANG_WARN_BOOL_CONVERSION = YES;
				CLANG_WARN_COMMA = YES;
				CLANG_WARN_CONSTANT_CONVERSION = YES;
				CLANG_WARN_DEPRECATED_OBJC_IMPLEMENTATIONS = YES;
				CLANG_WARN_DIRECT_OBJC_ISA_USAGE = YES_ERROR;
				CLANG_WARN_DOCUMENTATION_COMMENTS = YES;
				CLANG_WARN_EMPTY_BODY = YES;
				CLANG_WARN_ENUM_CONVERSION = YES;
				CLANG_WARN_INFINITE_RECURSION = YES;
				CLANG_WARN_INT_CONVERSION = YES;
				CLANG_WARN_NON_LITERAL_NULL_CONVERSION = YES;
				CLANG_WARN_OBJC_IMPLICIT_RETAIN_SELF = YES;
				CLANG_WARN_OBJC_LITERAL_CONVERSION = YES;
				CLANG_WARN_OBJC_ROOT_CLASS = YES_ERROR;
				CLANG_WARN_QUOTED_INCLUDE_IN_FRAMEWORK_HEADER = YES;
				CLANG_WARN_RANGE_LOOP_ANALYSIS = YES;
				CLANG_WARN_STRICT_PROTOTYPES = YES;
				CLANG_WARN_SUSPICIOUS_MOVE = YES;
				CLANG_WARN_UNGUARDED_AVAILABILITY = YES_AGGRESSIVE;
				CLANG_WARN_UNREACHABLE_CODE = YES;
				CLANG_WARN__DUPLICATE_METHOD_MATCH = YES;
				COPY_PHASE_STRIP = NO;
				DEBUG_INFORMATION_FORMAT = dwarf;
				ENABLE_STRICT_OBJC_MSGSEND = YES;
				ENABLE_TESTABILITY = YES;
				ENABLE_USER_SCRIPT_SANDBOXING = YES;
				GCC_C_LANGUAGE_STANDARD = gnu17;
				GCC_DYNAMIC_NO_PIC = NO;
				GCC_NO_COMMON_BLOCKS = YES;
				GCC_OPTIMIZATION_LEVEL = 0;
				GCC_PREPROCESSOR_DEFINITIONS = (
					"DEBUG=1",
					"$(inherited)",
				);
				GCC_WARN_64_TO_32_BIT_CONVERSION = YES;
				GCC_WARN_ABOUT_RETURN_TYPE = YES_ERROR;
				GCC_WARN_UNDECLARED_SELECTOR = YES;
				GCC_WARN_UNINITIALIZED_AUTOS = YES_AGGRESSIVE;
				GCC_WARN_UNUSED_FUNCTION = YES;
				GCC_WARN_UNUSED_VARIABLE = YES;
				IPHONEOS_DEPLOYMENT_TARGET = 18.2;
				LOCALIZATION_PREFERS_STRING_CATALOGS = YES;
				MTL_ENABLE_DEBUG_INFO = INCLUDE_SOURCE;
				MTL_FAST_MATH = YES;
				ONLY_ACTIVE_ARCH = YES;
				SDKROOT = iphoneos;
				SWIFT_ACTIVE_COMPILATION_CONDITIONS = "DEBUG $(inherited)";
				SWIFT_OPTIMIZATION_LEVEL = "-Onone";
			};
			name = Debug;
		};
		4923D8F12DB78A4E00EC3AED /* Release */ = {
			isa = XCBuildConfiguration;
			buildSettings = {
				ALWAYS_SEARCH_USER_PATHS = NO;
				ASSETCATALOG_COMPILER_GENERATE_SWIFT_ASSET_SYMBOL_EXTENSIONS = YES;
				CLANG_ANALYZER_NONNULL = YES;
				CLANG_ANALYZER_NUMBER_OBJECT_CONVERSION = YES_AGGRESSIVE;
				CLANG_CXX_LANGUAGE_STANDARD = "gnu++20";
				CLANG_ENABLE_MODULES = YES;
				CLANG_ENABLE_OBJC_ARC = YES;
				CLANG_ENABLE_OBJC_WEAK = YES;
				CLANG_WARN_BLOCK_CAPTURE_AUTORELEASING = YES;
				CLANG_WARN_BOOL_CONVERSION = YES;
				CLANG_WARN_COMMA = YES;
				CLANG_WARN_CONSTANT_CONVERSION = YES;
				CLANG_WARN_DEPRECATED_OBJC_IMPLEMENTATIONS = YES;
				CLANG_WARN_DIRECT_OBJC_ISA_USAGE = YES_ERROR;
				CLANG_WARN_DOCUMENTATION_COMMENTS = YES;
				CLANG_WARN_EMPTY_BODY = YES;
				CLANG_WARN_ENUM_CONVERSION = YES;
				CLANG_WARN_INFINITE_RECURSION = YES;
				CLANG_WARN_INT_CONVERSION = YES;
				CLANG_WARN_NON_LITERAL_NULL_CONVERSION = YES;
				CLANG_WARN_OBJC_IMPLICIT_RETAIN_SELF = YES;
				CLANG_WARN_OBJC_LITERAL_CONVERSION = YES;
				CLANG_WARN_OBJC_ROOT_CLASS = YES_ERROR;
				CLANG_WARN_QUOTED_INCLUDE_IN_FRAMEWORK_HEADER = YES;
				CLANG_WARN_RANGE_LOOP_ANALYSIS = YES;
				CLANG_WARN_STRICT_PROTOTYPES = YES;
				CLANG_WARN_SUSPICIOUS_MOVE = YES;
				CLANG_WARN_UNGUARDED_AVAILABILITY = YES_AGGRESSIVE;
				CLANG_WARN_UNREACHABLE_CODE = YES;
				CLANG_WARN__DUPLICATE_METHOD_MATCH = YES;
				COPY_PHASE_STRIP = NO;
				DEBUG_INFORMATION_FORMAT = "dwarf-with-dsym";
				ENABLE_NS_ASSERTIONS = NO;
				ENABLE_STRICT_OBJC_MSGSEND = YES;
				ENABLE_USER_SCRIPT_SANDBOXING = YES;
				GCC_C_LANGUAGE_STANDARD = gnu17;
				GCC_NO_COMMON_BLOCKS = YES;
				GCC_WARN_64_TO_32_BIT_CONVERSION = YES;
				GCC_WARN_ABOUT_RETURN_TYPE = YES_ERROR;
				GCC_WARN_UNDECLARED_SELECTOR = YES;
				GCC_WARN_UNINITIALIZED_AUTOS = YES_AGGRESSIVE;
				GCC_WARN_UNUSED_FUNCTION = YES;
				GCC_WARN_UNUSED_VARIABLE = YES;
				IPHONEOS_DEPLOYMENT_TARGET = 18.2;
				LOCALIZATION_PREFERS_STRING_CATALOGS = YES;
				MTL_ENABLE_DEBUG_INFO = NO;
				MTL_FAST_MATH = YES;
				SDKROOT = iphoneos;
				SWIFT_COMPILATION_MODE = wholemodule;
				VALIDATE_PRODUCT = YES;
			};
			name = Release;
		};
		4923D8F32DB78A4E00EC3AED /* Debug */ = {
			isa = XCBuildConfiguration;
			buildSettings = {
				ASSETCATALOG_COMPILER_APPICON_NAME = AppIcon;
				ASSETCATALOG_COMPILER_GLOBAL_ACCENT_COLOR_NAME = AccentColor;
				CODE_SIGN_STYLE = Automatic;
				CURRENT_PROJECT_VERSION = 1;
				DEVELOPMENT_ASSET_PATHS = "\"dilYolu/Preview Content\"";
				ENABLE_PREVIEWS = YES;
				GENERATE_INFOPLIST_FILE = YES;
				INFOPLIST_KEY_UIApplicationSceneManifest_Generation = YES;
				INFOPLIST_KEY_UIApplicationSupportsIndirectInputEvents = YES;
				INFOPLIST_KEY_UILaunchScreen_Generation = YES;
				INFOPLIST_KEY_UISupportedInterfaceOrientations_iPad = "UIInterfaceOrientationPortrait UIInterfaceOrientationPortraitUpsideDown UIInterfaceOrientationLandscapeLeft UIInterfaceOrientationLandscapeRight";
				INFOPLIST_KEY_UISupportedInterfaceOrientations_iPhone = "UIInterfaceOrientationPortrait UIInterfaceOrientationLandscapeLeft UIInterfaceOrientationLandscapeRight";
				IPHONEOS_DEPLOYMENT_TARGET = 17.6;
				LD_RUNPATH_SEARCH_PATHS = (
					"$(inherited)",
					"@executable_path/Frameworks",
				);
				MARKETING_VERSION = 1.0;
				PRODUCT_BUNDLE_IDENTIFIER = l.languageApp;
				PRODUCT_NAME = "$(TARGET_NAME)";
				SUPPORTED_PLATFORMS = "iphoneos iphonesimulator";
				SUPPORTS_MACCATALYST = NO;
				SUPPORTS_MAC_DESIGNED_FOR_IPHONE_IPAD = NO;
				SUPPORTS_XR_DESIGNED_FOR_IPHONE_IPAD = NO;
				SWIFT_EMIT_LOC_STRINGS = YES;
				SWIFT_VERSION = 5.0;
				TARGETED_DEVICE_FAMILY = 1;
			};
			name = Debug;
		};
		4923D8F42DB78A4E00EC3AED /* Release */ = {
			isa = XCBuildConfiguration;
			buildSettings = {
				ASSETCATALOG_COMPILER_APPICON_NAME = AppIcon;
				ASSETCATALOG_COMPILER_GLOBAL_ACCENT_COLOR_NAME = AccentColor;
				CODE_SIGN_STYLE = Automatic;
				CURRENT_PROJECT_VERSION = 1;
				DEVELOPMENT_ASSET_PATHS = "\"dilYolu/Preview Content\"";
				ENABLE_PREVIEWS = YES;
				GENERATE_INFOPLIST_FILE = YES;
				INFOPLIST_KEY_UIApplicationSceneManifest_Generation = YES;
				INFOPLIST_KEY_UIApplicationSupportsIndirectInputEvents = YES;
				INFOPLIST_KEY_UILaunchScreen_Generation = YES;
				INFOPLIST_KEY_UISupportedInterfaceOrientations_iPad = "UIInterfaceOrientationPortrait UIInterfaceOrientationPortraitUpsideDown UIInterfaceOrientationLandscapeLeft UIInterfaceOrientationLandscapeRight";
				INFOPLIST_KEY_UISupportedInterfaceOrientations_iPhone = "UIInterfaceOrientationPortrait UIInterfaceOrientationLandscapeLeft UIInterfaceOrientationLandscapeRight";
				IPHONEOS_DEPLOYMENT_TARGET = 17.6;
				LD_RUNPATH_SEARCH_PATHS = (
					"$(inherited)",
					"@executable_path/Frameworks",
				);
				MARKETING_VERSION = 1.0;
				PRODUCT_BUNDLE_IDENTIFIER = l.languageApp;
				PRODUCT_NAME = "$(TARGET_NAME)";
				SUPPORTED_PLATFORMS = "iphoneos iphonesimulator";
				SUPPORTS_MACCATALYST = NO;
				SUPPORTS_MAC_DESIGNED_FOR_IPHONE_IPAD = NO;
				SUPPORTS_XR_DESIGNED_FOR_IPHONE_IPAD = NO;
				SWIFT_EMIT_LOC_STRINGS = YES;
				SWIFT_VERSION = 5.0;
				TARGETED_DEVICE_FAMILY = 1;
			};
			name = Release;
		};
		4923D8F62DB78A4E00EC3AED /* Debug */ = {
			isa = XCBuildConfiguration;
			buildSettings = {
				BUNDLE_LOADER = "$(TEST_HOST)";
				CODE_SIGN_STYLE = Automatic;
				CURRENT_PROJECT_VERSION = 1;
				GENERATE_INFOPLIST_FILE = YES;
				IPHONEOS_DEPLOYMENT_TARGET = 18.2;
				MARKETING_VERSION = 1.0;
				PRODUCT_BUNDLE_IDENTIFIER = l.languageAppTests;
				PRODUCT_NAME = "$(TARGET_NAME)";
				SWIFT_EMIT_LOC_STRINGS = NO;
				SWIFT_VERSION = 5.0;
				TARGETED_DEVICE_FAMILY = "1,2";
				TEST_HOST = "$(BUILT_PRODUCTS_DIR)/Dil Yolu.app/$(BUNDLE_EXECUTABLE_FOLDER_PATH)/Dil Yolu";
			};
			name = Debug;
		};
		4923D8F72DB78A4E00EC3AED /* Release */ = {
			isa = XCBuildConfiguration;
			buildSettings = {
				BUNDLE_LOADER = "$(TEST_HOST)";
				CODE_SIGN_STYLE = Automatic;
				CURRENT_PROJECT_VERSION = 1;
				GENERATE_INFOPLIST_FILE = YES;
				IPHONEOS_DEPLOYMENT_TARGET = 18.2;
				MARKETING_VERSION = 1.0;
				PRODUCT_BUNDLE_IDENTIFIER = l.languageAppTests;
				PRODUCT_NAME = "$(TARGET_NAME)";
				SWIFT_EMIT_LOC_STRINGS = NO;
				SWIFT_VERSION = 5.0;
				TARGETED_DEVICE_FAMILY = "1,2";
				TEST_HOST = "$(BUILT_PRODUCTS_DIR)/Dil Yolu.app/$(BUNDLE_EXECUTABLE_FOLDER_PATH)/Dil Yolu";
			};
			name = Release;
		};
		4923D8F92DB78A4E00EC3AED /* Debug */ = {
			isa = XCBuildConfiguration;
			buildSettings = {
				CODE_SIGN_STYLE = Automatic;
				CURRENT_PROJECT_VERSION = 1;
				GENERATE_INFOPLIST_FILE = YES;
				MARKETING_VERSION = 1.0;
				PRODUCT_BUNDLE_IDENTIFIER = l.languageAppUITests;
				PRODUCT_NAME = "$(TARGET_NAME)";
				SWIFT_EMIT_LOC_STRINGS = NO;
				SWIFT_VERSION = 5.0;
				TARGETED_DEVICE_FAMILY = "1,2";
				TEST_TARGET_NAME = languageApp;
			};
			name = Debug;
		};
		4923D8FA2DB78A4E00EC3AED /* Release */ = {
			isa = XCBuildConfiguration;
			buildSettings = {
				CODE_SIGN_STYLE = Automatic;
				CURRENT_PROJECT_VERSION = 1;
				GENERATE_INFOPLIST_FILE = YES;
				MARKETING_VERSION = 1.0;
				PRODUCT_BUNDLE_IDENTIFIER = l.languageAppUITests;
				PRODUCT_NAME = "$(TARGET_NAME)";
				SWIFT_EMIT_LOC_STRINGS = NO;
				SWIFT_VERSION = 5.0;
				TARGETED_DEVICE_FAMILY = "1,2";
				TEST_TARGET_NAME = languageApp;
			};
			name = Release;
		};
/* End XCBuildConfiguration section */

/* Begin XCConfigurationList section */
		4923D8C92DB78A4D00EC3AED /* Build configuration list for PBXProject "Dil Yolu" */ = {
			isa = XCConfigurationList;
			buildConfigurations = (
				4923D8F02DB78A4E00EC3AED /* Debug */,
				4923D8F12DB78A4E00EC3AED /* Release */,
			);
			defaultConfigurationIsVisible = 0;
			defaultConfigurationName = Release;
		};
		4923D8F22DB78A4E00EC3AED /* Build configuration list for PBXNativeTarget "Dil Yolu" */ = {
			isa = XCConfigurationList;
			buildConfigurations = (
				4923D8F32DB78A4E00EC3AED /* Debug */,
				4923D8F42DB78A4E00EC3AED /* Release */,
			);
			defaultConfigurationIsVisible = 0;
			defaultConfigurationName = Release;
		};
		4923D8F52DB78A4E00EC3AED /* Build configuration list for PBXNativeTarget "Dil YoluTests" */ = {
			isa = XCConfigurationList;
			buildConfigurations = (
				4923D8F62DB78A4E00EC3AED /* Debug */,
				4923D8F72DB78A4E00EC3AED /* Release */,
			);
			defaultConfigurationIsVisible = 0;
			defaultConfigurationName = Release;
		};
		4923D8F82DB78A4E00EC3AED /* Build configuration list for PBXNativeTarget "Dil YoluUITests" */ = {
			isa = XCConfigurationList;
			buildConfigurations = (
				4923D8F92DB78A4E00EC3AED /* Debug */,
				4923D8FA2DB78A4E00EC3AED /* Release */,
			);
			defaultConfigurationIsVisible = 0;
			defaultConfigurationName = Release;
		};
/* End XCConfigurationList section */
	};
	rootObject = 4923D8C62DB78A4D00EC3AED /* Project object */;
}
